// !$*UTF8*$!
{
	archiveVersion = 1;
	classes = {
	};
	objectVersion = 46;
	objects = {

/* Begin PBXBuildFile section */
		881965921B3C9B2B00A92208 /* CustomCollectionViewCell.m in Sources */ = {isa = PBXBuildFile; fileRef = 881965901B3C9B2B00A92208 /* CustomCollectionViewCell.m */; };
		881965931B3C9B2B00A92208 /* CustomCollectionViewCell.xib in Resources */ = {isa = PBXBuildFile; fileRef = 881965911B3C9B2B00A92208 /* CustomCollectionViewCell.xib */; };
		881965951B3CB9FA00A92208 /* CustomCollectionViewCell_iPhone6.xib in Resources */ = {isa = PBXBuildFile; fileRef = 881965941B3CB9FA00A92208 /* CustomCollectionViewCell_iPhone6.xib */; };
		883ED6A81B41F1FD004D831A /* Reachability.m in Sources */ = {isa = PBXBuildFile; fileRef = 883ED6A71B41F1FD004D831A /* Reachability.m */; };
		883ED6AE1B41F2B2004D831A /* SYSoapTool.m in Sources */ = {isa = PBXBuildFile; fileRef = 883ED6AD1B41F2B2004D831A /* SYSoapTool.m */; };
		88C02C8F1B39AFBA00DEF83A /* MisMascotas_iPhone.xib in Resources */ = {isa = PBXBuildFile; fileRef = 88C02C8E1B39AFBA00DEF83A /* MisMascotas_iPhone.xib */; };
		88C02C911B39B01700DEF83A /* MisMascotas_iPhone5.xib in Resources */ = {isa = PBXBuildFile; fileRef = 88C02C901B39B01700DEF83A /* MisMascotas_iPhone5.xib */; };
		88C02C931B39B04F00DEF83A /* MisMascotas_iPhone6.xib in Resources */ = {isa = PBXBuildFile; fileRef = 88C02C921B39B04F00DEF83A /* MisMascotas_iPhone6.xib */; };
		88C02C951B39B13A00DEF83A /* MisMascotas_iPhone6plus.xib in Resources */ = {isa = PBXBuildFile; fileRef = 88C02C941B39B13A00DEF83A /* MisMascotas_iPhone6plus.xib */; };
		88C02C971B39B16600DEF83A /* MisMascotas_iPad.xib in Resources */ = {isa = PBXBuildFile; fileRef = 88C02C961B39B16600DEF83A /* MisMascotas_iPad.xib */; };
		88DE45761B3A091C0021B866 /* QuartzCore.framework in Frameworks */ = {isa = PBXBuildFile; fileRef = 88DE45751B3A091C0021B866 /* QuartzCore.framework */; };
		88DE457A1B3B14040021B866 /* Login.m in Sources */ = {isa = PBXBuildFile; fileRef = 88DE45791B3B14040021B866 /* Login.m */; };
		88DE457D1B3B14740021B866 /* Login_iPhone.xib in Resources */ = {isa = PBXBuildFile; fileRef = 88DE457C1B3B14740021B866 /* Login_iPhone.xib */; };
		88DE457F1B3B149C0021B866 /* Login_iPhone5.xib in Resources */ = {isa = PBXBuildFile; fileRef = 88DE457E1B3B149C0021B866 /* Login_iPhone5.xib */; };
		88DE45811B3B14BD0021B866 /* Login_iPhone6.xib in Resources */ = {isa = PBXBuildFile; fileRef = 88DE45801B3B14BD0021B866 /* Login_iPhone6.xib */; };
		88DE45831B3B14DD0021B866 /* Login_iPhone6plus.xib in Resources */ = {isa = PBXBuildFile; fileRef = 88DE45821B3B14DD0021B866 /* Login_iPhone6plus.xib */; };
		88DE45851B3B14FC0021B866 /* Login_iPad.xib in Resources */ = {isa = PBXBuildFile; fileRef = 88DE45841B3B14FC0021B866 /* Login_iPad.xib */; };
		88DE45871B3B15F00021B866 /* FBSDKCoreKit.framework in Frameworks */ = {isa = PBXBuildFile; fileRef = 88DE45861B3B15F00021B866 /* FBSDKCoreKit.framework */; };
		88DE45891B3B1E430021B866 /* FBSDKLoginKit.framework in Frameworks */ = {isa = PBXBuildFile; fileRef = 88DE45881B3B1E430021B866 /* FBSDKLoginKit.framework */; };
		88F9E5D31B38D0C7009D68D9 /* main.m in Sources */ = {isa = PBXBuildFile; fileRef = 88F9E5D21B38D0C7009D68D9 /* main.m */; };
		88F9E5D61B38D0C7009D68D9 /* AppDelegate.m in Sources */ = {isa = PBXBuildFile; fileRef = 88F9E5D51B38D0C7009D68D9 /* AppDelegate.m */; };
		88F9E5DE1B38D0C8009D68D9 /* Images.xcassets in Resources */ = {isa = PBXBuildFile; fileRef = 88F9E5DD1B38D0C8009D68D9 /* Images.xcassets */; };
		88F9E5E11B38D0C8009D68D9 /* LaunchScreen.xib in Resources */ = {isa = PBXBuildFile; fileRef = 88F9E5DF1B38D0C8009D68D9 /* LaunchScreen.xib */; };
		88F9E5ED1B38D0C8009D68D9 /* Pet_LocatorTests.m in Sources */ = {isa = PBXBuildFile; fileRef = 88F9E5EC1B38D0C8009D68D9 /* Pet_LocatorTests.m */; };
		88F9E5F81B38D180009D68D9 /* MisMascotas.m in Sources */ = {isa = PBXBuildFile; fileRef = 88F9E5F71B38D180009D68D9 /* MisMascotas.m */; };
		88FCB9231B39E32400233CFF /* Bienvenida.m in Sources */ = {isa = PBXBuildFile; fileRef = 88FCB9221B39E32400233CFF /* Bienvenida.m */; };
		88FCB9251B39E34A00233CFF /* Bienvenida_iPhone.xib in Resources */ = {isa = PBXBuildFile; fileRef = 88FCB9241B39E34A00233CFF /* Bienvenida_iPhone.xib */; };
		88FCB9271B39E43B00233CFF /* Bienvenida_iPhone5.xib in Resources */ = {isa = PBXBuildFile; fileRef = 88FCB9261B39E43B00233CFF /* Bienvenida_iPhone5.xib */; };
		88FCB9291B39E45C00233CFF /* Bienvenida_iPhone6.xib in Resources */ = {isa = PBXBuildFile; fileRef = 88FCB9281B39E45C00233CFF /* Bienvenida_iPhone6.xib */; };
		88FCB92B1B39E47D00233CFF /* Bienvenida_iPhone6plus.xib in Resources */ = {isa = PBXBuildFile; fileRef = 88FCB92A1B39E47D00233CFF /* Bienvenida_iPhone6plus.xib */; };
		88FCB92D1B39E4A000233CFF /* Bienvenida_iPad.xib in Resources */ = {isa = PBXBuildFile; fileRef = 88FCB92C1B39E4A000233CFF /* Bienvenida_iPad.xib */; };
/* End PBXBuildFile section */

/* Begin PBXContainerItemProxy section */
		88F9E5E71B38D0C8009D68D9 /* PBXContainerItemProxy */ = {
			isa = PBXContainerItemProxy;
			containerPortal = 88F9E5C51B38D0C7009D68D9 /* Project object */;
			proxyType = 1;
			remoteGlobalIDString = 88F9E5CC1B38D0C7009D68D9;
			remoteInfo = "Pet Locator";
		};
/* End PBXContainerItemProxy section */

/* Begin PBXFileReference section */
		8819658F1B3C9B2B00A92208 /* CustomCollectionViewCell.h */ = {isa = PBXFileReference; fileEncoding = 4; lastKnownFileType = sourcecode.c.h; name = CustomCollectionViewCell.h; path = Classes/CustomCollectionViewCell/CustomCollectionViewCell.h; sourceTree = "<group>"; };
		881965901B3C9B2B00A92208 /* CustomCollectionViewCell.m */ = {isa = PBXFileReference; fileEncoding = 4; lastKnownFileType = sourcecode.c.objc; name = CustomCollectionViewCell.m; path = Classes/CustomCollectionViewCell/CustomCollectionViewCell.m; sourceTree = "<group>"; };
		881965911B3C9B2B00A92208 /* CustomCollectionViewCell.xib */ = {isa = PBXFileReference; fileEncoding = 4; lastKnownFileType = file.xib; name = CustomCollectionViewCell.xib; path = Classes/CustomCollectionViewCell/CustomCollectionViewCell.xib; sourceTree = "<group>"; };
		881965941B3CB9FA00A92208 /* CustomCollectionViewCell_iPhone6.xib */ = {isa = PBXFileReference; fileEncoding = 4; lastKnownFileType = file.xib; name = CustomCollectionViewCell_iPhone6.xib; path = Classes/CustomCollectionViewCell/CustomCollectionViewCell_iPhone6.xib; sourceTree = "<group>"; };
		883ED6A61B41F1FD004D831A /* Reachability.h */ = {isa = PBXFileReference; fileEncoding = 4; lastKnownFileType = sourcecode.c.h; name = Reachability.h; path = Classes/Reachability/Reachability.h; sourceTree = "<group>"; };
		883ED6A71B41F1FD004D831A /* Reachability.m */ = {isa = PBXFileReference; fileEncoding = 4; lastKnownFileType = sourcecode.c.objc; name = Reachability.m; path = Classes/Reachability/Reachability.m; sourceTree = "<group>"; };
		883ED6AC1B41F2B2004D831A /* SYSoapTool.h */ = {isa = PBXFileReference; fileEncoding = 4; lastKnownFileType = sourcecode.c.h; name = SYSoapTool.h; path = Classes/SYSoapTool/SYSoapTool.h; sourceTree = "<group>"; };
		883ED6AD1B41F2B2004D831A /* SYSoapTool.m */ = {isa = PBXFileReference; fileEncoding = 4; lastKnownFileType = sourcecode.c.objc; name = SYSoapTool.m; path = Classes/SYSoapTool/SYSoapTool.m; sourceTree = "<group>"; };
		88C02C8E1B39AFBA00DEF83A /* MisMascotas_iPhone.xib */ = {isa = PBXFileReference; fileEncoding = 4; lastKnownFileType = file.xib; name = MisMascotas_iPhone.xib; path = Views/MisMascotas/MisMascotas_iPhone.xib; sourceTree = "<group>"; };
		88C02C901B39B01700DEF83A /* MisMascotas_iPhone5.xib */ = {isa = PBXFileReference; fileEncoding = 4; lastKnownFileType = file.xib; name = MisMascotas_iPhone5.xib; path = Views/MisMascotas/MisMascotas_iPhone5.xib; sourceTree = "<group>"; };
		88C02C921B39B04F00DEF83A /* MisMascotas_iPhone6.xib */ = {isa = PBXFileReference; fileEncoding = 4; lastKnownFileType = file.xib; name = MisMascotas_iPhone6.xib; path = Views/MisMascotas/MisMascotas_iPhone6.xib; sourceTree = "<group>"; };
		88C02C941B39B13A00DEF83A /* MisMascotas_iPhone6plus.xib */ = {isa = PBXFileReference; fileEncoding = 4; lastKnownFileType = file.xib; name = MisMascotas_iPhone6plus.xib; path = Views/MisMascotas/MisMascotas_iPhone6plus.xib; sourceTree = "<group>"; };
		88C02C961B39B16600DEF83A /* MisMascotas_iPad.xib */ = {isa = PBXFileReference; fileEncoding = 4; lastKnownFileType = file.xib; name = MisMascotas_iPad.xib; path = Views/MisMascotas/MisMascotas_iPad.xib; sourceTree = "<group>"; };
		88DE45751B3A091C0021B866 /* QuartzCore.framework */ = {isa = PBXFileReference; lastKnownFileType = wrapper.framework; name = QuartzCore.framework; path = System/Library/Frameworks/QuartzCore.framework; sourceTree = SDKROOT; };
		88DE45781B3B14040021B866 /* Login.h */ = {isa = PBXFileReference; fileEncoding = 4; lastKnownFileType = sourcecode.c.h; name = Login.h; path = Views/Login/Login.h; sourceTree = "<group>"; };
		88DE45791B3B14040021B866 /* Login.m */ = {isa = PBXFileReference; fileEncoding = 4; lastKnownFileType = sourcecode.c.objc; name = Login.m; path = Views/Login/Login.m; sourceTree = "<group>"; };
		88DE457C1B3B14740021B866 /* Login_iPhone.xib */ = {isa = PBXFileReference; fileEncoding = 4; lastKnownFileType = file.xib; name = Login_iPhone.xib; path = Views/Login/Login_iPhone.xib; sourceTree = "<group>"; };
		88DE457E1B3B149C0021B866 /* Login_iPhone5.xib */ = {isa = PBXFileReference; fileEncoding = 4; lastKnownFileType = file.xib; name = Login_iPhone5.xib; path = Views/Login/Login_iPhone5.xib; sourceTree = "<group>"; };
		88DE45801B3B14BD0021B866 /* Login_iPhone6.xib */ = {isa = PBXFileReference; fileEncoding = 4; lastKnownFileType = file.xib; name = Login_iPhone6.xib; path = Views/Login/Login_iPhone6.xib; sourceTree = "<group>"; };
		88DE45821B3B14DD0021B866 /* Login_iPhone6plus.xib */ = {isa = PBXFileReference; fileEncoding = 4; lastKnownFileType = file.xib; name = Login_iPhone6plus.xib; path = Views/Login/Login_iPhone6plus.xib; sourceTree = "<group>"; };
		88DE45841B3B14FC0021B866 /* Login_iPad.xib */ = {isa = PBXFileReference; fileEncoding = 4; lastKnownFileType = file.xib; name = Login_iPad.xib; path = Views/Login/Login_iPad.xib; sourceTree = "<group>"; };
		88DE45861B3B15F00021B866 /* FBSDKCoreKit.framework */ = {isa = PBXFileReference; lastKnownFileType = wrapper.framework; name = FBSDKCoreKit.framework; path = ../../../FacebookSDK/FBSDKCoreKit.framework; sourceTree = "<group>"; };
		88DE45881B3B1E430021B866 /* FBSDKLoginKit.framework */ = {isa = PBXFileReference; lastKnownFileType = wrapper.framework; name = FBSDKLoginKit.framework; path = ../../../FacebookSDK/FBSDKLoginKit.framework; sourceTree = "<group>"; };
		88F9E5CD1B38D0C7009D68D9 /* Pet Locator.app */ = {isa = PBXFileReference; explicitFileType = wrapper.application; includeInIndex = 0; path = "Pet Locator.app"; sourceTree = BUILT_PRODUCTS_DIR; };
		88F9E5D11B38D0C7009D68D9 /* Info.plist */ = {isa = PBXFileReference; lastKnownFileType = text.plist.xml; path = Info.plist; sourceTree = "<group>"; };
		88F9E5D21B38D0C7009D68D9 /* main.m */ = {isa = PBXFileReference; lastKnownFileType = sourcecode.c.objc; path = main.m; sourceTree = "<group>"; };
		88F9E5D41B38D0C7009D68D9 /* AppDelegate.h */ = {isa = PBXFileReference; lastKnownFileType = sourcecode.c.h; path = AppDelegate.h; sourceTree = "<group>"; };
		88F9E5D51B38D0C7009D68D9 /* AppDelegate.m */ = {isa = PBXFileReference; lastKnownFileType = sourcecode.c.objc; path = AppDelegate.m; sourceTree = "<group>"; };
		88F9E5DD1B38D0C8009D68D9 /* Images.xcassets */ = {isa = PBXFileReference; lastKnownFileType = folder.assetcatalog; path = Images.xcassets; sourceTree = "<group>"; };
		88F9E5E01B38D0C8009D68D9 /* Base */ = {isa = PBXFileReference; lastKnownFileType = file.xib; name = Base; path = Base.lproj/LaunchScreen.xib; sourceTree = "<group>"; };
		88F9E5E61B38D0C8009D68D9 /* Pet LocatorTests.xctest */ = {isa = PBXFileReference; explicitFileType = wrapper.cfbundle; includeInIndex = 0; path = "Pet LocatorTests.xctest"; sourceTree = BUILT_PRODUCTS_DIR; };
		88F9E5EB1B38D0C8009D68D9 /* Info.plist */ = {isa = PBXFileReference; lastKnownFileType = text.plist.xml; path = Info.plist; sourceTree = "<group>"; };
		88F9E5EC1B38D0C8009D68D9 /* Pet_LocatorTests.m */ = {isa = PBXFileReference; lastKnownFileType = sourcecode.c.objc; path = Pet_LocatorTests.m; sourceTree = "<group>"; };
		88F9E5F61B38D180009D68D9 /* MisMascotas.h */ = {isa = PBXFileReference; fileEncoding = 4; lastKnownFileType = sourcecode.c.h; name = MisMascotas.h; path = Views/MisMascotas/MisMascotas.h; sourceTree = "<group>"; };
		88F9E5F71B38D180009D68D9 /* MisMascotas.m */ = {isa = PBXFileReference; fileEncoding = 4; lastKnownFileType = sourcecode.c.objc; name = MisMascotas.m; path = Views/MisMascotas/MisMascotas.m; sourceTree = "<group>"; };
		88FCB9211B39E32400233CFF /* Bienvenida.h */ = {isa = PBXFileReference; fileEncoding = 4; lastKnownFileType = sourcecode.c.h; name = Bienvenida.h; path = Views/Bienvenida/Bienvenida.h; sourceTree = "<group>"; };
		88FCB9221B39E32400233CFF /* Bienvenida.m */ = {isa = PBXFileReference; fileEncoding = 4; lastKnownFileType = sourcecode.c.objc; name = Bienvenida.m; path = Views/Bienvenida/Bienvenida.m; sourceTree = "<group>"; };
		88FCB9241B39E34A00233CFF /* Bienvenida_iPhone.xib */ = {isa = PBXFileReference; fileEncoding = 4; lastKnownFileType = file.xib; name = Bienvenida_iPhone.xib; path = Views/Bienvenida/Bienvenida_iPhone.xib; sourceTree = "<group>"; };
		88FCB9261B39E43B00233CFF /* Bienvenida_iPhone5.xib */ = {isa = PBXFileReference; fileEncoding = 4; lastKnownFileType = file.xib; name = Bienvenida_iPhone5.xib; path = Views/Bienvenida/Bienvenida_iPhone5.xib; sourceTree = "<group>"; };
		88FCB9281B39E45C00233CFF /* Bienvenida_iPhone6.xib */ = {isa = PBXFileReference; fileEncoding = 4; lastKnownFileType = file.xib; name = Bienvenida_iPhone6.xib; path = Views/Bienvenida/Bienvenida_iPhone6.xib; sourceTree = "<group>"; };
		88FCB92A1B39E47D00233CFF /* Bienvenida_iPhone6plus.xib */ = {isa = PBXFileReference; fileEncoding = 4; lastKnownFileType = file.xib; name = Bienvenida_iPhone6plus.xib; path = Views/Bienvenida/Bienvenida_iPhone6plus.xib; sourceTree = "<group>"; };
		88FCB92C1B39E4A000233CFF /* Bienvenida_iPad.xib */ = {isa = PBXFileReference; fileEncoding = 4; lastKnownFileType = file.xib; name = Bienvenida_iPad.xib; path = Views/Bienvenida/Bienvenida_iPad.xib; sourceTree = "<group>"; };
/* End PBXFileReference section */

/* Begin PBXFrameworksBuildPhase section */
		88F9E5CA1B38D0C7009D68D9 /* Frameworks */ = {
			isa = PBXFrameworksBuildPhase;
			buildActionMask = 2147483647;
			files = (
				88DE45761B3A091C0021B866 /* QuartzCore.framework in Frameworks */,
				88DE45871B3B15F00021B866 /* FBSDKCoreKit.framework in Frameworks */,
				88DE45891B3B1E430021B866 /* FBSDKLoginKit.framework in Frameworks */,
			);
			runOnlyForDeploymentPostprocessing = 0;
		};
		88F9E5E31B38D0C8009D68D9 /* Frameworks */ = {
			isa = PBXFrameworksBuildPhase;
			buildActionMask = 2147483647;
			files = (
			);
			runOnlyForDeploymentPostprocessing = 0;
		};
/* End PBXFrameworksBuildPhase section */

/* Begin PBXGroup section */
		883ED6A91B41F210004D831A /* CustomCollectionViewCell */ = {
			isa = PBXGroup;
			children = (
				8819658F1B3C9B2B00A92208 /* CustomCollectionViewCell.h */,
				881965901B3C9B2B00A92208 /* CustomCollectionViewCell.m */,
				881965911B3C9B2B00A92208 /* CustomCollectionViewCell.xib */,
				881965941B3CB9FA00A92208 /* CustomCollectionViewCell_iPhone6.xib */,
			);
			name = CustomCollectionViewCell;
			sourceTree = "<group>";
		};
		883ED6AA1B41F21A004D831A /* Clasess */ = {
			isa = PBXGroup;
			children = (
				883ED6AF1B41F2C0004D831A /* SYSoapTool */,
				883ED6AB1B41F229004D831A /* Reachability */,
				883ED6A91B41F210004D831A /* CustomCollectionViewCell */,
			);
			name = Clasess;
			sourceTree = "<group>";
		};
		883ED6AB1B41F229004D831A /* Reachability */ = {
			isa = PBXGroup;
			children = (
				883ED6A61B41F1FD004D831A /* Reachability.h */,
				883ED6A71B41F1FD004D831A /* Reachability.m */,
			);
			name = Reachability;
			sourceTree = "<group>";
		};
		883ED6AF1B41F2C0004D831A /* SYSoapTool */ = {
			isa = PBXGroup;
			children = (
				883ED6AC1B41F2B2004D831A /* SYSoapTool.h */,
				883ED6AD1B41F2B2004D831A /* SYSoapTool.m */,
			);
			name = SYSoapTool;
			sourceTree = "<group>";
		};
		88C02C8D1B39AE8400DEF83A /* Views */ = {
			isa = PBXGroup;
			children = (
				88DE457B1B3B14570021B866 /* Login */,
				88C02C981B39B1C900DEF83A /* MisMascotas */,
				88DE45771B3A11B00021B866 /* Bienvenida */,
			);
			name = Views;
			sourceTree = "<group>";
		};
		88C02C981B39B1C900DEF83A /* MisMascotas */ = {
			isa = PBXGroup;
			children = (
				88F9E5F61B38D180009D68D9 /* MisMascotas.h */,
				88F9E5F71B38D180009D68D9 /* MisMascotas.m */,
				88C02C8E1B39AFBA00DEF83A /* MisMascotas_iPhone.xib */,
				88C02C901B39B01700DEF83A /* MisMascotas_iPhone5.xib */,
				88C02C921B39B04F00DEF83A /* MisMascotas_iPhone6.xib */,
				88C02C941B39B13A00DEF83A /* MisMascotas_iPhone6plus.xib */,
				88C02C961B39B16600DEF83A /* MisMascotas_iPad.xib */,
			);
			name = MisMascotas;
			sourceTree = "<group>";
		};
		88DE45771B3A11B00021B866 /* Bienvenida */ = {
			isa = PBXGroup;
			children = (
				88FCB9211B39E32400233CFF /* Bienvenida.h */,
				88FCB9221B39E32400233CFF /* Bienvenida.m */,
				88FCB9241B39E34A00233CFF /* Bienvenida_iPhone.xib */,
				88FCB9261B39E43B00233CFF /* Bienvenida_iPhone5.xib */,
				88FCB9281B39E45C00233CFF /* Bienvenida_iPhone6.xib */,
				88FCB92A1B39E47D00233CFF /* Bienvenida_iPhone6plus.xib */,
				88FCB92C1B39E4A000233CFF /* Bienvenida_iPad.xib */,
			);
			name = Bienvenida;
			sourceTree = "<group>";
		};
		88DE457B1B3B14570021B866 /* Login */ = {
			isa = PBXGroup;
			children = (
				88DE45781B3B14040021B866 /* Login.h */,
				88DE45791B3B14040021B866 /* Login.m */,
				88DE457C1B3B14740021B866 /* Login_iPhone.xib */,
				88DE457E1B3B149C0021B866 /* Login_iPhone5.xib */,
				88DE45801B3B14BD0021B866 /* Login_iPhone6.xib */,
				88DE45821B3B14DD0021B866 /* Login_iPhone6plus.xib */,
				88DE45841B3B14FC0021B866 /* Login_iPad.xib */,
			);
			name = Login;
			sourceTree = "<group>";
		};
		88F9E5C41B38D0C7009D68D9 = {
			isa = PBXGroup;
			children = (
				88DE45881B3B1E430021B866 /* FBSDKLoginKit.framework */,
				88DE45861B3B15F00021B866 /* FBSDKCoreKit.framework */,
				88DE45751B3A091C0021B866 /* QuartzCore.framework */,
				88F9E5CF1B38D0C7009D68D9 /* Pet Locator */,
				88F9E5E91B38D0C8009D68D9 /* Pet LocatorTests */,
				88F9E5CE1B38D0C7009D68D9 /* Products */,
			);
			sourceTree = "<group>";
		};
		88F9E5CE1B38D0C7009D68D9 /* Products */ = {
			isa = PBXGroup;
			children = (
				88F9E5CD1B38D0C7009D68D9 /* Pet Locator.app */,
				88F9E5E61B38D0C8009D68D9 /* Pet LocatorTests.xctest */,
			);
			name = Products;
			sourceTree = "<group>";
		};
		88F9E5CF1B38D0C7009D68D9 /* Pet Locator */ = {
			isa = PBXGroup;
			children = (
				88F9E5D41B38D0C7009D68D9 /* AppDelegate.h */,
				88F9E5D51B38D0C7009D68D9 /* AppDelegate.m */,
				883ED6AA1B41F21A004D831A /* Clasess */,
				88C02C8D1B39AE8400DEF83A /* Views */,
				88F9E5DD1B38D0C8009D68D9 /* Images.xcassets */,
				88F9E5DF1B38D0C8009D68D9 /* LaunchScreen.xib */,
				88F9E5D01B38D0C7009D68D9 /* Supporting Files */,
			);
			path = "Pet Locator";
			sourceTree = "<group>";
		};
		88F9E5D01B38D0C7009D68D9 /* Supporting Files */ = {
			isa = PBXGroup;
			children = (
				88F9E5D11B38D0C7009D68D9 /* Info.plist */,
				88F9E5D21B38D0C7009D68D9 /* main.m */,
			);
			name = "Supporting Files";
			sourceTree = "<group>";
		};
		88F9E5E91B38D0C8009D68D9 /* Pet LocatorTests */ = {
			isa = PBXGroup;
			children = (
				88F9E5EC1B38D0C8009D68D9 /* Pet_LocatorTests.m */,
				88F9E5EA1B38D0C8009D68D9 /* Supporting Files */,
			);
			path = "Pet LocatorTests";
			sourceTree = "<group>";
		};
		88F9E5EA1B38D0C8009D68D9 /* Supporting Files */ = {
			isa = PBXGroup;
			children = (
				88F9E5EB1B38D0C8009D68D9 /* Info.plist */,
			);
			name = "Supporting Files";
			sourceTree = "<group>";
		};
/* End PBXGroup section */

/* Begin PBXNativeTarget section */
		88F9E5CC1B38D0C7009D68D9 /* Pet Locator */ = {
			isa = PBXNativeTarget;
			buildConfigurationList = 88F9E5F01B38D0C8009D68D9 /* Build configuration list for PBXNativeTarget "Pet Locator" */;
			buildPhases = (
				88F9E5C91B38D0C7009D68D9 /* Sources */,
				88F9E5CA1B38D0C7009D68D9 /* Frameworks */,
				88F9E5CB1B38D0C7009D68D9 /* Resources */,
			);
			buildRules = (
			);
			dependencies = (
			);
			name = "Pet Locator";
			productName = "Pet Locator";
			productReference = 88F9E5CD1B38D0C7009D68D9 /* Pet Locator.app */;
			productType = "com.apple.product-type.application";
		};
		88F9E5E51B38D0C8009D68D9 /* Pet LocatorTests */ = {
			isa = PBXNativeTarget;
			buildConfigurationList = 88F9E5F31B38D0C8009D68D9 /* Build configuration list for PBXNativeTarget "Pet LocatorTests" */;
			buildPhases = (
				88F9E5E21B38D0C8009D68D9 /* Sources */,
				88F9E5E31B38D0C8009D68D9 /* Frameworks */,
				88F9E5E41B38D0C8009D68D9 /* Resources */,
			);
			buildRules = (
			);
			dependencies = (
				88F9E5E81B38D0C8009D68D9 /* PBXTargetDependency */,
			);
			name = "Pet LocatorTests";
			productName = "Pet LocatorTests";
			productReference = 88F9E5E61B38D0C8009D68D9 /* Pet LocatorTests.xctest */;
			productType = "com.apple.product-type.bundle.unit-test";
		};
/* End PBXNativeTarget section */

/* Begin PBXProject section */
		88F9E5C51B38D0C7009D68D9 /* Project object */ = {
			isa = PBXProject;
			attributes = {
				LastUpgradeCheck = 0630;
				ORGANIZATIONNAME = tecnologizame;
				TargetAttributes = {
					88F9E5CC1B38D0C7009D68D9 = {
						CreatedOnToolsVersion = 6.3.2;
					};
					88F9E5E51B38D0C8009D68D9 = {
						CreatedOnToolsVersion = 6.3.2;
						TestTargetID = 88F9E5CC1B38D0C7009D68D9;
					};
				};
			};
			buildConfigurationList = 88F9E5C81B38D0C7009D68D9 /* Build configuration list for PBXProject "Pet Locator" */;
			compatibilityVersion = "Xcode 3.2";
			developmentRegion = English;
			hasScannedForEncodings = 0;
			knownRegions = (
				en,
				Base,
			);
			mainGroup = 88F9E5C41B38D0C7009D68D9;
			productRefGroup = 88F9E5CE1B38D0C7009D68D9 /* Products */;
			projectDirPath = "";
			projectRoot = "";
			targets = (
				88F9E5CC1B38D0C7009D68D9 /* Pet Locator */,
				88F9E5E51B38D0C8009D68D9 /* Pet LocatorTests */,
			);
		};
/* End PBXProject section */

/* Begin PBXResourcesBuildPhase section */
		88F9E5CB1B38D0C7009D68D9 /* Resources */ = {
			isa = PBXResourcesBuildPhase;
			buildActionMask = 2147483647;
			files = (
				88DE45811B3B14BD0021B866 /* Login_iPhone6.xib in Resources */,
				88F9E5E11B38D0C8009D68D9 /* LaunchScreen.xib in Resources */,
				88C02C971B39B16600DEF83A /* MisMascotas_iPad.xib in Resources */,
				88FCB92D1B39E4A000233CFF /* Bienvenida_iPad.xib in Resources */,
				881965951B3CB9FA00A92208 /* CustomCollectionViewCell_iPhone6.xib in Resources */,
				88FCB92B1B39E47D00233CFF /* Bienvenida_iPhone6plus.xib in Resources */,
				88FCB9291B39E45C00233CFF /* Bienvenida_iPhone6.xib in Resources */,
				88C02C931B39B04F00DEF83A /* MisMascotas_iPhone6.xib in Resources */,
				88DE457F1B3B149C0021B866 /* Login_iPhone5.xib in Resources */,
				88F9E5DE1B38D0C8009D68D9 /* Images.xcassets in Resources */,
				88C02C8F1B39AFBA00DEF83A /* MisMascotas_iPhone.xib in Resources */,
				88FCB9251B39E34A00233CFF /* Bienvenida_iPhone.xib in Resources */,
				88DE45831B3B14DD0021B866 /* Login_iPhone6plus.xib in Resources */,
				88DE457D1B3B14740021B866 /* Login_iPhone.xib in Resources */,
				881965931B3C9B2B00A92208 /* CustomCollectionViewCell.xib in Resources */,
				88C02C951B39B13A00DEF83A /* MisMascotas_iPhone6plus.xib in Resources */,
				88C02C911B39B01700DEF83A /* MisMascotas_iPhone5.xib in Resources */,
				88DE45851B3B14FC0021B866 /* Login_iPad.xib in Resources */,
				88FCB9271B39E43B00233CFF /* Bienvenida_iPhone5.xib in Resources */,
			);
			runOnlyForDeploymentPostprocessing = 0;
		};
		88F9E5E41B38D0C8009D68D9 /* Resources */ = {
			isa = PBXResourcesBuildPhase;
			buildActionMask = 2147483647;
			files = (
			);
			runOnlyForDeploymentPostprocessing = 0;
		};
/* End PBXResourcesBuildPhase section */

/* Begin PBXSourcesBuildPhase section */
		88F9E5C91B38D0C7009D68D9 /* Sources */ = {
			isa = PBXSourcesBuildPhase;
			buildActionMask = 2147483647;
			files = (
				88DE457A1B3B14040021B866 /* Login.m in Sources */,
				88FCB9231B39E32400233CFF /* Bienvenida.m in Sources */,
				88F9E5D61B38D0C7009D68D9 /* AppDelegate.m in Sources */,
				883ED6A81B41F1FD004D831A /* Reachability.m in Sources */,
				883ED6AE1B41F2B2004D831A /* SYSoapTool.m in Sources */,
				881965921B3C9B2B00A92208 /* CustomCollectionViewCell.m in Sources */,
				88F9E5F81B38D180009D68D9 /* MisMascotas.m in Sources */,
				88F9E5D31B38D0C7009D68D9 /* main.m in Sources */,
			);
			runOnlyForDeploymentPostprocessing = 0;
		};
		88F9E5E21B38D0C8009D68D9 /* Sources */ = {
			isa = PBXSourcesBuildPhase;
			buildActionMask = 2147483647;
			files = (
				88F9E5ED1B38D0C8009D68D9 /* Pet_LocatorTests.m in Sources */,
			);
			runOnlyForDeploymentPostprocessing = 0;
		};
/* End PBXSourcesBuildPhase section */

/* Begin PBXTargetDependency section */
		88F9E5E81B38D0C8009D68D9 /* PBXTargetDependency */ = {
			isa = PBXTargetDependency;
			target = 88F9E5CC1B38D0C7009D68D9 /* Pet Locator */;
			targetProxy = 88F9E5E71B38D0C8009D68D9 /* PBXContainerItemProxy */;
		};
/* End PBXTargetDependency section */

/* Begin PBXVariantGroup section */
		88F9E5DF1B38D0C8009D68D9 /* LaunchScreen.xib */ = {
			isa = PBXVariantGroup;
			children = (
				88F9E5E01B38D0C8009D68D9 /* Base */,
			);
			name = LaunchScreen.xib;
			sourceTree = "<group>";
		};
/* End PBXVariantGroup section */

/* Begin XCBuildConfiguration section */
		88F9E5EE1B38D0C8009D68D9 /* Debug */ = {
			isa = XCBuildConfiguration;
			buildSettings = {
				ALWAYS_SEARCH_USER_PATHS = NO;
				CLANG_CXX_LANGUAGE_STANDARD = "gnu++0x";
				CLANG_CXX_LIBRARY = "libc++";
				CLANG_ENABLE_MODULES = YES;
				CLANG_ENABLE_OBJC_ARC = YES;
				CLANG_WARN_BOOL_CONVERSION = YES;
				CLANG_WARN_CONSTANT_CONVERSION = YES;
				CLANG_WARN_DIRECT_OBJC_ISA_USAGE = YES_ERROR;
				CLANG_WARN_EMPTY_BODY = YES;
				CLANG_WARN_ENUM_CONVERSION = YES;
				CLANG_WARN_INT_CONVERSION = YES;
				CLANG_WARN_OBJC_ROOT_CLASS = YES_ERROR;
				CLANG_WARN_UNREACHABLE_CODE = YES;
				CLANG_WARN__DUPLICATE_METHOD_MATCH = YES;
				"CODE_SIGN_IDENTITY[sdk=iphoneos*]" = "iPhone Developer";
				COPY_PHASE_STRIP = NO;
				DEBUG_INFORMATION_FORMAT = "dwarf-with-dsym";
				ENABLE_STRICT_OBJC_MSGSEND = YES;
				GCC_C_LANGUAGE_STANDARD = gnu99;
				GCC_DYNAMIC_NO_PIC = NO;
				GCC_NO_COMMON_BLOCKS = YES;
				GCC_OPTIMIZATION_LEVEL = 0;
				GCC_PREPROCESSOR_DEFINITIONS = (
					"DEBUG=1",
					"$(inherited)",
				);
				GCC_SYMBOLS_PRIVATE_EXTERN = NO;
				GCC_WARN_64_TO_32_BIT_CONVERSION = YES;
				GCC_WARN_ABOUT_RETURN_TYPE = YES_ERROR;
				GCC_WARN_UNDECLARED_SELECTOR = YES;
				GCC_WARN_UNINITIALIZED_AUTOS = YES_AGGRESSIVE;
				GCC_WARN_UNUSED_FUNCTION = YES;
				GCC_WARN_UNUSED_VARIABLE = YES;
				IPHONEOS_DEPLOYMENT_TARGET = 8.3;
				MTL_ENABLE_DEBUG_INFO = YES;
				ONLY_ACTIVE_ARCH = YES;
				SDKROOT = iphoneos;
				TARGETED_DEVICE_FAMILY = "1,2";
			};
			name = Debug;
		};
		88F9E5EF1B38D0C8009D68D9 /* Release */ = {
			isa = XCBuildConfiguration;
			buildSettings = {
				ALWAYS_SEARCH_USER_PATHS = NO;
				CLANG_CXX_LANGUAGE_STANDARD = "gnu++0x";
				CLANG_CXX_LIBRARY = "libc++";
				CLANG_ENABLE_MODULES = YES;
				CLANG_ENABLE_OBJC_ARC = YES;
				CLANG_WARN_BOOL_CONVERSION = YES;
				CLANG_WARN_CONSTANT_CONVERSION = YES;
				CLANG_WARN_DIRECT_OBJC_ISA_USAGE = YES_ERROR;
				CLANG_WARN_EMPTY_BODY = YES;
				CLANG_WARN_ENUM_CONVERSION = YES;
				CLANG_WARN_INT_CONVERSION = YES;
				CLANG_WARN_OBJC_ROOT_CLASS = YES_ERROR;
				CLANG_WARN_UNREACHABLE_CODE = YES;
				CLANG_WARN__DUPLICATE_METHOD_MATCH = YES;
				"CODE_SIGN_IDENTITY[sdk=iphoneos*]" = "iPhone Developer";
				COPY_PHASE_STRIP = NO;
				DEBUG_INFORMATION_FORMAT = "dwarf-with-dsym";
				ENABLE_NS_ASSERTIONS = NO;
				ENABLE_STRICT_OBJC_MSGSEND = YES;
				GCC_C_LANGUAGE_STANDARD = gnu99;
				GCC_NO_COMMON_BLOCKS = YES;
				GCC_WARN_64_TO_32_BIT_CONVERSION = YES;
				GCC_WARN_ABOUT_RETURN_TYPE = YES_ERROR;
				GCC_WARN_UNDECLARED_SELECTOR = YES;
				GCC_WARN_UNINITIALIZED_AUTOS = YES_AGGRESSIVE;
				GCC_WARN_UNUSED_FUNCTION = YES;
				GCC_WARN_UNUSED_VARIABLE = YES;
				IPHONEOS_DEPLOYMENT_TARGET = 8.3;
				MTL_ENABLE_DEBUG_INFO = NO;
				SDKROOT = iphoneos;
				TARGETED_DEVICE_FAMILY = "1,2";
				VALIDATE_PRODUCT = YES;
			};
			name = Release;
		};
		88F9E5F11B38D0C8009D68D9 /* Debug */ = {
			isa = XCBuildConfiguration;
			buildSettings = {
				ASSETCATALOG_COMPILER_APPICON_NAME = AppIcon;
				FRAMEWORK_SEARCH_PATHS = (
					"$(inherited)",
					/Users/NSSektor/Documents/FacebookSDK,
				);
				INFOPLIST_FILE = "Pet Locator/Info.plist";
				LD_RUNPATH_SEARCH_PATHS = "$(inherited) @executable_path/Frameworks";
				OTHER_LDFLAGS = " -ObjC";
				PRODUCT_NAME = "$(TARGET_NAME)";
			};
			name = Debug;
		};
		88F9E5F21B38D0C8009D68D9 /* Release */ = {
			isa = XCBuildConfiguration;
			buildSettings = {
				ASSETCATALOG_COMPILER_APPICON_NAME = AppIcon;
				FRAMEWORK_SEARCH_PATHS = (
					"$(inherited)",
					/Users/NSSektor/Documents/FacebookSDK,
				);
				INFOPLIST_FILE = "Pet Locator/Info.plist";
				LD_RUNPATH_SEARCH_PATHS = "$(inherited) @executable_path/Frameworks";
				OTHER_LDFLAGS = " -ObjC";
				PRODUCT_NAME = "$(TARGET_NAME)";
			};
			name = Release;
		};
		88F9E5F41B38D0C8009D68D9 /* Debug */ = {
			isa = XCBuildConfiguration;
			buildSettings = {
				BUNDLE_LOADER = "$(TEST_HOST)";
				FRAMEWORK_SEARCH_PATHS = (
					"$(SDKROOT)/Developer/Library/Frameworks",
					"$(inherited)",
				);
				GCC_PREPROCESSOR_DEFINITIONS = (
					"DEBUG=1",
					"$(inherited)",
				);
				INFOPLIST_FILE = "Pet LocatorTests/Info.plist";
				LD_RUNPATH_SEARCH_PATHS = "$(inherited) @executable_path/Frameworks @loader_path/Frameworks";
				PRODUCT_NAME = "$(TARGET_NAME)";
				TEST_HOST = "$(BUILT_PRODUCTS_DIR)/Pet Locator.app/Pet Locator";
			};
			name = Debug;
		};
		88F9E5F51B38D0C8009D68D9 /* Release */ = {
			isa = XCBuildConfiguration;
			buildSettings = {
				BUNDLE_LOADER = "$(TEST_HOST)";
				FRAMEWORK_SEARCH_PATHS = (
					"$(SDKROOT)/Developer/Library/Frameworks",
					"$(inherited)",
				);
				INFOPLIST_FILE = "Pet LocatorTests/Info.plist";
				LD_RUNPATH_SEARCH_PATHS = "$(inherited) @executable_path/Frameworks @loader_path/Frameworks";
				PRODUCT_NAME = "$(TARGET_NAME)";
				TEST_HOST = "$(BUILT_PRODUCTS_DIR)/Pet Locator.app/Pet Locator";
			};
			name = Release;
		};
/* End XCBuildConfiguration section */

/* Begin XCConfigurationList section */
		88F9E5C81B38D0C7009D68D9 /* Build configuration list for PBXProject "Pet Locator" */ = {
			isa = XCConfigurationList;
			buildConfigurations = (
				88F9E5EE1B38D0C8009D68D9 /* Debug */,
				88F9E5EF1B38D0C8009D68D9 /* Release */,
			);
			defaultConfigurationIsVisible = 0;
			defaultConfigurationName = Release;
		};
		88F9E5F01B38D0C8009D68D9 /* Build configuration list for PBXNativeTarget "Pet Locator" */ = {
			isa = XCConfigurationList;
			buildConfigurations = (
				88F9E5F11B38D0C8009D68D9 /* Debug */,
				88F9E5F21B38D0C8009D68D9 /* Release */,
			);
			defaultConfigurationIsVisible = 0;
			defaultConfigurationName = Release;
		};
		88F9E5F31B38D0C8009D68D9 /* Build configuration list for PBXNativeTarget "Pet LocatorTests" */ = {
			isa = XCConfigurationList;
			buildConfigurations = (
				88F9E5F41B38D0C8009D68D9 /* Debug */,
				88F9E5F51B38D0C8009D68D9 /* Release */,
			);
			defaultConfigurationIsVisible = 0;
			defaultConfigurationName = Release;
		};
/* End XCConfigurationList section */
	};
	rootObject = 88F9E5C51B38D0C7009D68D9 /* Project object */;
}
